{
  "version": "5",
  "specifiers": {
    "jsr:@std/assert@1.0.15": "1.0.15",
    "jsr:@std/internal@^1.0.12": "1.0.14",
    "npm:@modelcontextprotocol/server@2.0.0": "2.0.0",
    "npm:exa-js@2.16.0": "2.16.0",
    "npm:zod@4.6.5": "4.6.5"
  },
  "jsr": {
    "@std/assert@1.0.15": {
      "integrity": "d64018e951dbdfab9777335ecdb000c0b4e3df036984083be219ce5941e4703b",
      "dependencies": [
        "jsr:@std/internal"
      ]
    },
    "@std/internal@1.0.14": {
      "integrity": "291516b3d4c35024d6ffbc0a9df5bf4c64116e05b50012cf846710152d2ffdf7"
    }
  },
  "npm": {
    "@modelcontextprotocol/core@2.0.0": {
      "integrity": "sha512-pJCEwGG7Lfr/+PQp9ZTwKXNeO5wzbfKL7H3MYpCorM4oFBoQrdjnBgEoqG+RjhsvS1FKrDbKux+M1HhlnGWqcA==",
      "dependencies": [
        "zod@4.6.5"
      ]
    },
    "@modelcontextprotocol/server@2.0.0": {
      "integrity": "sha512-YhHWdHfpFMQfd0prsEnxKeS3Qz3ytIGmsS0sth4KDjnacIT7hxk6hXHkJ9KysxlkvTM+WZAtQbbcUhdoP4Hvtw==",
      "dependencies": [
        "@modelcontextprotocol/core",
        "zod@4.6.5"
      ]
    },
    "cross-fetch@4.1.0": {
      "integrity": "sha512-uKm5PU+MHTootlWEY+mZ4vvXoCn4fLQxT9dSc1sXVMSFkINTJVN8cAQROpwcKm8bJ/c7rgZVIBWzH5T78sNZZw==",
      "dependencies": [
        "node-fetch"
      ]
    },
    "dotenv@16.4.7": {
      "integrity": "sha512-47qPchRCykZC03FhkYAhrvwU4xDBFIj1QPqaarj6mdM/hgUzfPHcpkHJOn3mJAufFeeAxAzeGsr5X0M4k6fLZQ=="
    },
    "exa-js@2.16.0": {
      "integrity": "sha512-Cl9ShZVLIgShA5qM34F6DskqP0mpYQFIhJFtmcUEFr2dKQmRwzdewbnnIOUew6ky5Tzdgepsk8ZBTc85R+yGfw==",
      "dependencies": [
        "cross-fetch",
        "dotenv",
        "openai",
        "zod@3.25.76",
        "zod-to-json-schema"
      ]
    },
    "node-fetch@2.7.0": {
      "integrity": "sha512-c4FRfUm/dbcWZ7U+1Wq0AwCyFL+3nt2bEw05wfxSz+DWpWsitgmSgYmy2dQdWyKC1694ELPqMs/YzUSNozLt8A==",
      "dependencies": [
        "whatwg-url"
      ]
    },
    "openai@5.23.2_zod@3.25.76": {
      "integrity": "sha512-MQBzmTulj+MM5O8SKEk/gL8a7s5mktS9zUtAkU257WjvobGc9nKcBuVwjyEEcb9SI8a8Y2G/mzn3vm9n1Jlleg==",
      "dependencies": [
        "zod@3.25.76"
      ],
      "optionalPeers": [
        "zod@3.25.76"
      ],
      "bin": true
    },
    "tr46@0.0.3": {
      "integrity": "sha512-N3WMsuqV66lT30CrXNbEjx4GEwlow3v6rr4mCcv6prnfwhS01rkgyFdjPNBYd9br7LpXV1+Emh01fHnq2Gdgrw=="
    },
    "webidl-conversions@3.0.1": {
      "integrity": "sha512-2JAn3z8AR6rjK8Sm8orRC0h/bcl/DqL7tRPdGZ4I1CjdF+EaMLmYxBHyXuKL849eucPFhvBoxMsflfOb8kxaeQ=="
    },
    "whatwg-url@5.0.0": {
      "integrity": "sha512-saE57nupxk6v3HY35+jzBwYa0rKSy0XR8JSxZPwgLr7ys0IBzhGviA1/TUGJLmSVqs8pb9AnvICXEuOHLprYTw==",
      "dependencies": [
        "tr46",
        "webidl-conversions"
      ]
    },
    "zod-to-json-schema@3.25.2_zod@3.25.76": {
      "integrity": "sha512-O/PgfnpT1xKSDeQYSCfRI5Gy3hPf91mKVDuYLUHZJMiDFptvP41MSnWofm8dnCm0256ZNfZIM7DSzuSMAFnjHA==",
      "dependencies": [
        "zod@3.25.76"
      ]
    },
    "zod@3.25.76": {
      "integrity": "sha512-gzUt/qt81nXsFGKIFcC3YnfEAx5NkunCfnDlvuBSSFS02bcXu4Lmea0AFIUwbLWxWPx3d9p8S5QoaujKcNQxcQ=="
    },
    "zod@4.6.5": {
      "integrity": "sha512-v5l/aFXZQeai4awLbOpSoHecE9UiMrnfx75tEXLjNonXVARxQ5mOeipTjROUchszUNCqnE+hqAMujRsRHsut2Q=="
    }
  },
  "workspace": {
    "dependencies": [
      "jsr:@std/assert@1.0.15",
      "npm:@modelcontextprotocol/server@2.0.0",
      "npm:exa-js@2.16.0",
      "npm:zod@4.6.5"
    ]
  }
}
